
Microsoft Visual Studio Solution File, Format Version 12.00
# Visual Studio Version 16
VisualStudioVersion = 16.0.31205.134
MinimumVisualStudioVersion = 10.0.40219.1
Project("{9A19103F-16F7-4668-BE54-9A1E7A4F7556}") = "Contact.Api", "Contact.Api\Contact.Api.csproj", "{A5EB4105-8DC3-49D7-A054-A872DBCEC4A5}"
EndProject
Project("{9A19103F-16F7-4668-BE54-9A1E7A4F7556}") = "Contact.Api.Common", "Contact.Api.Common\Contact.Api.Common.csproj", "{AE25E4EC-F210-4530-8A67-1F03D90FE331}"
EndProject
Project("{9A19103F-16F7-4668-BE54-9A1E7A4F7556}") = "Contact.Api.Service", "Contact.Api.Service\Contact.Api.Service.csproj", "{B50310C0-D2BB-4D5A-A481-A72D859121A1}"
EndProject
Project("{9A19103F-16F7-4668-BE54-9A1E7A4F7556}") = "Contact.Api.Data.Mongo", "Contract.Api.Data.Mongo\Contact.Api.Data.Mongo.csproj", "{EE40FDAA-525E-4961-B940-5C8433DA3F54}"
EndProject
Project("{9A19103F-16F7-4668-BE54-9A1E7A4F7556}") = "Contact.Api.Mapper", "Contact.Api.Mapper\Contact.Api.Mapper.csproj", "{208B6A1C-F295-40E7-AAB4-6CE74593CBF3}"
EndProject
Project("{9A19103F-16F7-4668-BE54-9A1E7A4F7556}") = "Contact.Api.Test", "Contact.Api.Test\Contact.Api.Test.csproj", "{24FC4526-C5D7-43CF-B3D8-860A510710C2}"
EndProject
Project("{9A19103F-16F7-4668-BE54-9A1E7A4F7556}") = "Contact.Api.Qeueu", "Contact.Api.Queue\Contact.Api.Qeueu.csproj", "{30ED61A0-C4F8-48D1-A37B-0D7DF394FF89}"
EndProject
Global
	GlobalSection(SolutionConfigurationPlatforms) = preSolution
		Debug|Any CPU = Debug|Any CPU
		Release|Any CPU = Release|Any CPU
	EndGlobalSection
	GlobalSection(ProjectConfigurationPlatforms) = postSolution
		{A5EB4105-8DC3-49D7-A054-A872DBCEC4A5}.Debug|Any CPU.ActiveCfg = Debug|Any CPU
		{A5EB4105-8DC3-49D7-A054-A872DBCEC4A5}.Debug|Any CPU.Build.0 = Debug|Any CPU
		{A5EB4105-8DC3-49D7-A054-A872DBCEC4A5}.Release|Any CPU.ActiveCfg = Release|Any CPU
		{A5EB4105-8DC3-49D7-A054-A872DBCEC4A5}.Release|Any CPU.Build.0 = Release|Any CPU
		{AE25E4EC-F210-4530-8A67-1F03D90FE331}.Debug|Any CPU.ActiveCfg = Debug|Any CPU
		{AE25E4EC-F210-4530-8A67-1F03D90FE331}.Debug|Any CPU.Build.0 = Debug|Any CPU
		{AE25E4EC-F210-4530-8A67-1F03D90FE331}.Release|Any CPU.ActiveCfg = Release|Any CPU
		{AE25E4EC-F210-4530-8A67-1F03D90FE331}.Release|Any CPU.Build.0 = Release|Any CPU
		{B50310C0-D2BB-4D5A-A481-A72D859121A1}.Debug|Any CPU.ActiveCfg = Debug|Any CPU
		{B50310C0-D2BB-4D5A-A481-A72D859121A1}.Debug|Any CPU.Build.0 = Debug|Any CPU
		{B50310C0-D2BB-4D5A-A481-A72D859121A1}.Release|Any CPU.ActiveCfg = Release|Any CPU
		{B50310C0-D2BB-4D5A-A481-A72D859121A1}.Release|Any CPU.Build.0 = Release|Any CPU
		{EE40FDAA-525E-4961-B940-5C8433DA3F54}.Debug|Any CPU.ActiveCfg = Debug|Any CPU
		{EE40FDAA-525E-4961-B940-5C8433DA3F54}.Debug|Any CPU.Build.0 = Debug|Any CPU
		{EE40FDAA-525E-4961-B940-5C8433DA3F54}.Release|Any CPU.ActiveCfg = Release|Any CPU
		{EE40FDAA-525E-4961-B940-5C8433DA3F54}.Release|Any CPU.Build.0 = Release|Any CPU
		{208B6A1C-F295-40E7-AAB4-6CE74593CBF3}.Debug|Any CPU.ActiveCfg = Debug|Any CPU
		{208B6A1C-F295-40E7-AAB4-6CE74593CBF3}.Debug|Any CPU.Build.0 = Debug|Any CPU
		{208B6A1C-F295-40E7-AAB4-6CE74593CBF3}.Release|Any CPU.ActiveCfg = Release|Any CPU
		{208B6A1C-F295-40E7-AAB4-6CE74593CBF3}.Release|Any CPU.Build.0 = Release|Any CPU
		{24FC4526-C5D7-43CF-B3D8-860A510710C2}.Debug|Any CPU.ActiveCfg = Debug|Any CPU
		{24FC4526-C5D7-43CF-B3D8-860A510710C2}.Debug|Any CPU.Build.0 = Debug|Any CPU
		{24FC4526-C5D7-43CF-B3D8-860A510710C2}.Release|Any CPU.ActiveCfg = Release|Any CPU
		{24FC4526-C5D7-43CF-B3D8-860A510710C2}.Release|Any CPU.Build.0 = Release|Any CPU
		{30ED61A0-C4F8-48D1-A37B-0D7DF394FF89}.Debug|Any CPU.ActiveCfg = Debug|Any CPU
		{30ED61A0-C4F8-48D1-A37B-0D7DF394FF89}.Debug|Any CPU.Build.0 = Debug|Any CPU
		{30ED61A0-C4F8-48D1-A37B-0D7DF394FF89}.Release|Any CPU.ActiveCfg = Release|Any CPU
		{30ED61A0-C4F8-48D1-A37B-0D7DF394FF89}.Release|Any CPU.Build.0 = Release|Any CPU
	EndGlobalSection
	GlobalSection(SolutionProperties) = preSolution
		HideSolutionNode = FALSE
	EndGlobalSection
	GlobalSection(ExtensibilityGlobals) = postSolution
		SolutionGuid = {1847D1B5-F601-41E5-B7DA-F3B4EFCBD536}
	EndGlobalSection
EndGlobal
